
Microsoft Visual Studio Solution File, Format Version 12.00
# Visual Studio 14
VisualStudioVersion = 14.0.25420.1
MinimumVisualStudioVersion = 10.0.40219.1
Project("{FAE04EC0-301F-11D3-BF4B-00C04F79EFBC}") = "MovieReviews", "MovieReviews\MovieReviews.csproj", "{EAA953B5-799E-4039-9D53-9A31B1664D9D}"
EndProject
Project("{FAE04EC0-301F-11D3-BF4B-00C04F79EFBC}") = "MovieReviews.Domain", "MovieReviews.Domain\MovieReviews.Domain.csproj", "{D7DCD129-D404-4BD9-BFFF-FD9A7183E95D}"
EndProject
Project("{00D1A9C2-B5F0-4AF3-8072-F6C62B433612}") = "MovieReviews.Data", "MovieReviews.Data\MovieReviews.Data.sqlproj", "{8C998FAA-3CA3-4A66-B28B-4EA8BD40B213}"
EndProject
Project("{FAE04EC0-301F-11D3-BF4B-00C04F79EFBC}") = "MovieReviews.AdminUI", "MovieReviews.AdminUI\MovieReviews.AdminUI.csproj", "{A58C9368-C58B-4419-AECD-FF8CBE1BF710}"
EndProject
Project("{FAE04EC0-301F-11D3-BF4B-00C04F79EFBC}") = "MovieReviews.Service", "MovieReviews.Service\MovieReviews.Service.csproj", "{1DB4286C-ECFA-412A-AC51-5E8DCDA8F567}"
EndProject
Project("{FAE04EC0-301F-11D3-BF4B-00C04F79EFBC}") = "MovieReviews.Tests", "MovieReviews.Tests\MovieReviews.Tests.csproj", "{9E415E13-A514-45FB-B24A-B0BC67DD4742}"
EndProject
Global
	GlobalSection(SolutionConfigurationPlatforms) = preSolution
		Debug|Any CPU = Debug|Any CPU
		Release|Any CPU = Release|Any CPU
	EndGlobalSection
	GlobalSection(ProjectConfigurationPlatforms) = postSolution
		{EAA953B5-799E-4039-9D53-9A31B1664D9D}.Debug|Any CPU.ActiveCfg = Debug|Any CPU
		{EAA953B5-799E-4039-9D53-9A31B1664D9D}.Debug|Any CPU.Build.0 = Debug|Any CPU
		{EAA953B5-799E-4039-9D53-9A31B1664D9D}.Release|Any CPU.ActiveCfg = Release|Any CPU
		{EAA953B5-799E-4039-9D53-9A31B1664D9D}.Release|Any CPU.Build.0 = Release|Any CPU
		{D7DCD129-D404-4BD9-BFFF-FD9A7183E95D}.Debug|Any CPU.ActiveCfg = Debug|Any CPU
		{D7DCD129-D404-4BD9-BFFF-FD9A7183E95D}.Debug|Any CPU.Build.0 = Debug|Any CPU
		{D7DCD129-D404-4BD9-BFFF-FD9A7183E95D}.Release|Any CPU.ActiveCfg = Release|Any CPU
		{D7DCD129-D404-4BD9-BFFF-FD9A7183E95D}.Release|Any CPU.Build.0 = Release|Any CPU
		{8C998FAA-3CA3-4A66-B28B-4EA8BD40B213}.Debug|Any CPU.ActiveCfg = Debug|Any CPU
		{8C998FAA-3CA3-4A66-B28B-4EA8BD40B213}.Debug|Any CPU.Build.0 = Debug|Any CPU
		{8C998FAA-3CA3-4A66-B28B-4EA8BD40B213}.Debug|Any CPU.Deploy.0 = Debug|Any CPU
		{8C998FAA-3CA3-4A66-B28B-4EA8BD40B213}.Release|Any CPU.ActiveCfg = Release|Any CPU
		{8C998FAA-3CA3-4A66-B28B-4EA8BD40B213}.Release|Any CPU.Build.0 = Release|Any CPU
		{8C998FAA-3CA3-4A66-B28B-4EA8BD40B213}.Release|Any CPU.Deploy.0 = Release|Any CPU
		{A58C9368-C58B-4419-AECD-FF8CBE1BF710}.Debug|Any CPU.ActiveCfg = Debug|Any CPU
		{A58C9368-C58B-4419-AECD-FF8CBE1BF710}.Debug|Any CPU.Build.0 = Debug|Any CPU
		{A58C9368-C58B-4419-AECD-FF8CBE1BF710}.Release|Any CPU.ActiveCfg = Release|Any CPU
		{A58C9368-C58B-4419-AECD-FF8CBE1BF710}.Release|Any CPU.Build.0 = Release|Any CPU
		{1DB4286C-ECFA-412A-AC51-5E8DCDA8F567}.Debug|Any CPU.ActiveCfg = Debug|Any CPU
		{1DB4286C-ECFA-412A-AC51-5E8DCDA8F567}.Debug|Any CPU.Build.0 = Debug|Any CPU
		{1DB4286C-ECFA-412A-AC51-5E8DCDA8F567}.Release|Any CPU.ActiveCfg = Release|Any CPU
		{1DB4286C-ECFA-412A-AC51-5E8DCDA8F567}.Release|Any CPU.Build.0 = Release|Any CPU
		{9E415E13-A514-45FB-B24A-B0BC67DD4742}.Debug|Any CPU.ActiveCfg = Debug|Any CPU
		{9E415E13-A514-45FB-B24A-B0BC67DD4742}.Debug|Any CPU.Build.0 = Debug|Any CPU
		{9E415E13-A514-45FB-B24A-B0BC67DD4742}.Release|Any CPU.ActiveCfg = Release|Any CPU
		{9E415E13-A514-45FB-B24A-B0BC67DD4742}.Release|Any CPU.Build.0 = Release|Any CPU
	EndGlobalSection
	GlobalSection(SolutionProperties) = preSolution
		HideSolutionNode = FALSE
	EndGlobalSection
EndGlobal
